// !$*UTF8*$!
{
	archiveVersion = 1;
	classes = {
	};
	objectVersion = 46;
	objects = {

/* Begin PBXBuildFile section */
		30E2BD341A6EE823001A652C /* AppDelegate.swift in Sources */ = {isa = PBXBuildFile; fileRef = 30E2BD331A6EE823001A652C /* AppDelegate.swift */; };
		30E2BD361A6EE823001A652C /* ViewController.swift in Sources */ = {isa = PBXBuildFile; fileRef = 30E2BD351A6EE823001A652C /* ViewController.swift */; };
		30E2BD391A6EE823001A652C /* Main.storyboard in Resources */ = {isa = PBXBuildFile; fileRef = 30E2BD371A6EE823001A652C /* Main.storyboard */; };
		30E2BD3B1A6EE823001A652C /* Images.xcassets in Resources */ = {isa = PBXBuildFile; fileRef = 30E2BD3A1A6EE823001A652C /* Images.xcassets */; };
		30E2BD3E1A6EE823001A652C /* LaunchScreen.xib in Resources */ = {isa = PBXBuildFile; fileRef = 30E2BD3C1A6EE823001A652C /* LaunchScreen.xib */; };
		30E2BD4A1A6EE823001A652C /* TipsTests.swift in Sources */ = {isa = PBXBuildFile; fileRef = 30E2BD491A6EE823001A652C /* TipsTests.swift */; };
		30E2BD591A6EEB07001A652C /* app-icon-29@2x.png in Resources */ = {isa = PBXBuildFile; fileRef = 30E2BD531A6EEB07001A652C /* app-icon-29@2x.png */; };
		30E2BD5A1A6EEB07001A652C /* app-icon-29@3x.png in Resources */ = {isa = PBXBuildFile; fileRef = 30E2BD541A6EEB07001A652C /* app-icon-29@3x.png */; };
		30E2BD5B1A6EEB07001A652C /* app-icon-40@2x.png in Resources */ = {isa = PBXBuildFile; fileRef = 30E2BD551A6EEB07001A652C /* app-icon-40@2x.png */; };
		30E2BD5C1A6EEB07001A652C /* app-icon-40@3x.png in Resources */ = {isa = PBXBuildFile; fileRef = 30E2BD561A6EEB07001A652C /* app-icon-40@3x.png */; };
		30E2BD5D1A6EEB07001A652C /* app-icon-60@2x.png in Resources */ = {isa = PBXBuildFile; fileRef = 30E2BD571A6EEB07001A652C /* app-icon-60@2x.png */; };
		30E2BD5E1A6EEB07001A652C /* app-icon-60@3x.png in Resources */ = {isa = PBXBuildFile; fileRef = 30E2BD581A6EEB07001A652C /* app-icon-60@3x.png */; };
		30E2BD611A6EFE57001A652C /* launch.png in Resources */ = {isa = PBXBuildFile; fileRef = 30E2BD5F1A6EFE57001A652C /* launch.png */; };
		30E2BD621A6EFE57001A652C /* launch@2x.png in Resources */ = {isa = PBXBuildFile; fileRef = 30E2BD601A6EFE57001A652C /* launch@2x.png */; };
/* End PBXBuildFile section */

/* Begin PBXContainerItemProxy section */
		30E2BD441A6EE823001A652C /* PBXContainerItemProxy */ = {
			isa = PBXContainerItemProxy;
			containerPortal = 30E2BD261A6EE823001A652C /* Project object */;
			proxyType = 1;
			remoteGlobalIDString = 30E2BD2D1A6EE823001A652C;
			remoteInfo = Tips;
		};
/* End PBXContainerItemProxy section */

/* Begin PBXFileReference section */
		30E2BD2E1A6EE823001A652C /* Tips.app */ = {isa = PBXFileReference; explicitFileType = wrapper.application; includeInIndex = 0; path = Tips.app; sourceTree = BUILT_PRODUCTS_DIR; };
		30E2BD321A6EE823001A652C /* Info.plist */ = {isa = PBXFileReference; lastKnownFileType = text.plist.xml; path = Info.plist; sourceTree = "<group>"; };
		30E2BD331A6EE823001A652C /* AppDelegate.swift */ = {isa = PBXFileReference; lastKnownFileType = sourcecode.swift; path = AppDelegate.swift; sourceTree = "<group>"; };
		30E2BD351A6EE823001A652C /* ViewController.swift */ = {isa = PBXFileReference; lastKnownFileType = sourcecode.swift; path = ViewController.swift; sourceTree = "<group>"; };
		30E2BD381A6EE823001A652C /* Base */ = {isa = PBXFileReference; lastKnownFileType = file.storyboard; name = Base; path = Base.lproj/Main.storyboard; sourceTree = "<group>"; };
		30E2BD3A1A6EE823001A652C /* Images.xcassets */ = {isa = PBXFileReference; lastKnownFileType = folder.assetcatalog; path = Images.xcassets; sourceTree = "<group>"; };
		30E2BD3D1A6EE823001A652C /* Base */ = {isa = PBXFileReference; lastKnownFileType = file.xib; name = Base; path = Base.lproj/LaunchScreen.xib; sourceTree = "<group>"; };
		30E2BD431A6EE823001A652C /* TipsTests.xctest */ = {isa = PBXFileReference; explicitFileType = wrapper.cfbundle; includeInIndex = 0; path = TipsTests.xctest; sourceTree = BUILT_PRODUCTS_DIR; };
		30E2BD481A6EE823001A652C /* Info.plist */ = {isa = PBXFileReference; lastKnownFileType = text.plist.xml; path = Info.plist; sourceTree = "<group>"; };
		30E2BD491A6EE823001A652C /* TipsTests.swift */ = {isa = PBXFileReference; lastKnownFileType = sourcecode.swift; path = TipsTests.swift; sourceTree = "<group>"; };
		30E2BD531A6EEB07001A652C /* app-icon-29@2x.png */ = {isa = PBXFileReference; lastKnownFileType = image.png; path = "app-icon-29@2x.png"; sourceTree = "<group>"; };
		30E2BD541A6EEB07001A652C /* app-icon-29@3x.png */ = {isa = PBXFileReference; lastKnownFileType = image.png; path = "app-icon-29@3x.png"; sourceTree = "<group>"; };
		30E2BD551A6EEB07001A652C /* app-icon-40@2x.png */ = {isa = PBXFileReference; lastKnownFileType = image.png; path = "app-icon-40@2x.png"; sourceTree = "<group>"; };
		30E2BD561A6EEB07001A652C /* app-icon-40@3x.png */ = {isa = PBXFileReference; lastKnownFileType = image.png; path = "app-icon-40@3x.png"; sourceTree = "<group>"; };
		30E2BD571A6EEB07001A652C /* app-icon-60@2x.png */ = {isa = PBXFileReference; lastKnownFileType = image.png; path = "app-icon-60@2x.png"; sourceTree = "<group>"; };
		30E2BD581A6EEB07001A652C /* app-icon-60@3x.png */ = {isa = PBXFileReference; lastKnownFileType = image.png; path = "app-icon-60@3x.png"; sourceTree = "<group>"; };
		30E2BD5F1A6EFE57001A652C /* launch.png */ = {isa = PBXFileReference; lastKnownFileType = image.png; path = launch.png; sourceTree = "<group>"; };
		30E2BD601A6EFE57001A652C /* launch@2x.png */ = {isa = PBXFileReference; lastKnownFileType = image.png; path = "launch@2x.png"; sourceTree = "<group>"; };
/* End PBXFileReference section */

/* Begin PBXFrameworksBuildPhase section */
		30E2BD2B1A6EE823001A652C /* Frameworks */ = {
			isa = PBXFrameworksBuildPhase;
			buildActionMask = 2147483647;
			files = (
			);
			runOnlyForDeploymentPostprocessing = 0;
		};
		30E2BD401A6EE823001A652C /* Frameworks */ = {
			isa = PBXFrameworksBuildPhase;
			buildActionMask = 2147483647;
			files = (
			);
			runOnlyForDeploymentPostprocessing = 0;
		};
/* End PBXFrameworksBuildPhase section */

/* Begin PBXGroup section */
		30E2BD251A6EE823001A652C = {
			isa = PBXGroup;
			children = (
				30E2BD301A6EE823001A652C /* Tips */,
				30E2BD461A6EE823001A652C /* TipsTests */,
				30E2BD2F1A6EE823001A652C /* Products */,
			);
			sourceTree = "<group>";
		};
		30E2BD2F1A6EE823001A652C /* Products */ = {
			isa = PBXGroup;
			children = (
				30E2BD2E1A6EE823001A652C /* Tips.app */,
				30E2BD431A6EE823001A652C /* TipsTests.xctest */,
			);
			name = Products;
			sourceTree = "<group>";
		};
		30E2BD301A6EE823001A652C /* Tips */ = {
			isa = PBXGroup;
			children = (
				30E2BD331A6EE823001A652C /* AppDelegate.swift */,
				30E2BD351A6EE823001A652C /* ViewController.swift */,
				30E2BD371A6EE823001A652C /* Main.storyboard */,
				30E2BD3A1A6EE823001A652C /* Images.xcassets */,
				30E2BD3C1A6EE823001A652C /* LaunchScreen.xib */,
				30E2BD311A6EE823001A652C /* Supporting Files */,
			);
			path = Tips;
			sourceTree = "<group>";
		};
		30E2BD311A6EE823001A652C /* Supporting Files */ = {
			isa = PBXGroup;
			children = (
				30E2BD5F1A6EFE57001A652C /* launch.png */,
				30E2BD601A6EFE57001A652C /* launch@2x.png */,
				30E2BD531A6EEB07001A652C /* app-icon-29@2x.png */,
				30E2BD541A6EEB07001A652C /* app-icon-29@3x.png */,
				30E2BD551A6EEB07001A652C /* app-icon-40@2x.png */,
				30E2BD561A6EEB07001A652C /* app-icon-40@3x.png */,
				30E2BD571A6EEB07001A652C /* app-icon-60@2x.png */,
				30E2BD581A6EEB07001A652C /* app-icon-60@3x.png */,
				30E2BD321A6EE823001A652C /* Info.plist */,
			);
			name = "Supporting Files";
			sourceTree = "<group>";
		};
		30E2BD461A6EE823001A652C /* TipsTests */ = {
			isa = PBXGroup;
			children = (
				30E2BD491A6EE823001A652C /* TipsTests.swift */,
				30E2BD471A6EE823001A652C /* Supporting Files */,
			);
			path = TipsTests;
			sourceTree = "<group>";
		};
		30E2BD471A6EE823001A652C /* Supporting Files */ = {
			isa = PBXGroup;
			children = (
				30E2BD481A6EE823001A652C /* Info.plist */,
			);
			name = "Supporting Files";
			sourceTree = "<group>";
		};
/* End PBXGroup section */

/* Begin PBXNativeTarget section */
		30E2BD2D1A6EE823001A652C /* Tips */ = {
			isa = PBXNativeTarget;
			buildConfigurationList = 30E2BD4D1A6EE823001A652C /* Build configuration list for PBXNativeTarget "Tips" */;
			buildPhases = (
				30E2BD2A1A6EE823001A652C /* Sources */,
				30E2BD2B1A6EE823001A652C /* Frameworks */,
				30E2BD2C1A6EE823001A652C /* Resources */,
			);
			buildRules = (
			);
			dependencies = (
			);
			name = Tips;
			productName = Tips;
			productReference = 30E2BD2E1A6EE823001A652C /* Tips.app */;
			productType = "com.apple.product-type.application";
		};
		30E2BD421A6EE823001A652C /* TipsTests */ = {
			isa = PBXNativeTarget;
			buildConfigurationList = 30E2BD501A6EE823001A652C /* Build configuration list for PBXNativeTarget "TipsTests" */;
			buildPhases = (
				30E2BD3F1A6EE823001A652C /* Sources */,
				30E2BD401A6EE823001A652C /* Frameworks */,
				30E2BD411A6EE823001A652C /* Resources */,
			);
			buildRules = (
			);
			dependencies = (
				30E2BD451A6EE823001A652C /* PBXTargetDependency */,
			);
			name = TipsTests;
			productName = TipsTests;
			productReference = 30E2BD431A6EE823001A652C /* TipsTests.xctest */;
			productType = "com.apple.product-type.bundle.unit-test";
		};
/* End PBXNativeTarget section */

/* Begin PBXProject section */
		30E2BD261A6EE823001A652C /* Project object */ = {
			isa = PBXProject;
			attributes = {
				LastUpgradeCheck = 0610;
				ORGANIZATIONNAME = "Aaron Martin";
				TargetAttributes = {
					30E2BD2D1A6EE823001A652C = {
						CreatedOnToolsVersion = 6.1.1;
					};
					30E2BD421A6EE823001A652C = {
						CreatedOnToolsVersion = 6.1.1;
						TestTargetID = 30E2BD2D1A6EE823001A652C;
					};
				};
			};
			buildConfigurationList = 30E2BD291A6EE823001A652C /* Build configuration list for PBXProject "Tips" */;
			compatibilityVersion = "Xcode 3.2";
			developmentRegion = English;
			hasScannedForEncodings = 0;
			knownRegions = (
				en,
				Base,
			);
			mainGroup = 30E2BD251A6EE823001A652C;
			productRefGroup = 30E2BD2F1A6EE823001A652C /* Products */;
			projectDirPath = "";
			projectRoot = "";
			targets = (
				30E2BD2D1A6EE823001A652C /* Tips */,
				30E2BD421A6EE823001A652C /* TipsTests */,
			);
		};
/* End PBXProject section */

/* Begin PBXResourcesBuildPhase section */
		30E2BD2C1A6EE823001A652C /* Resources */ = {
			isa = PBXResourcesBuildPhase;
			buildActionMask = 2147483647;
			files = (
				30E2BD5C1A6EEB07001A652C /* app-icon-40@3x.png in Resources */,
				30E2BD5D1A6EEB07001A652C /* app-icon-60@2x.png in Resources */,
				30E2BD391A6EE823001A652C /* Main.storyboard in Resources */,
				30E2BD5A1A6EEB07001A652C /* app-icon-29@3x.png in Resources */,
				30E2BD621A6EFE57001A652C /* launch@2x.png in Resources */,
				30E2BD3E1A6EE823001A652C /* LaunchScreen.xib in Resources */,
				30E2BD5B1A6EEB07001A652C /* app-icon-40@2x.png in Resources */,
				30E2BD611A6EFE57001A652C /* launch.png in Resources */,
				30E2BD591A6EEB07001A652C /* app-icon-29@2x.png in Resources */,
				30E2BD3B1A6EE823001A652C /* Images.xcassets in Resources */,
				30E2BD5E1A6EEB07001A652C /* app-icon-60@3x.png in Resources */,
			);
			runOnlyForDeploymentPostprocessing = 0;
		};
		30E2BD411A6EE823001A652C /* Resources */ = {
			isa = PBXResourcesBuildPhase;
			buildActionMask = 2147483647;
			files = (
			);
			runOnlyForDeploymentPostprocessing = 0;
		};
/* End PBXResourcesBuildPhase section */

/* Begin PBXSourcesBuildPhase section */
		30E2BD2A1A6EE823001A652C /* Sources */ = {
			isa = PBXSourcesBuildPhase;
			buildActionMask = 2147483647;
			files = (
				30E2BD361A6EE823001A652C /* ViewController.swift in Sources */,
				30E2BD341A6EE823001A652C /* AppDelegate.swift in Sources */,
			);
			runOnlyForDeploymentPostprocessing = 0;
		};
		30E2BD3F1A6EE823001A652C /* Sources */ = {
			isa = PBXSourcesBuildPhase;
			buildActionMask = 2147483647;
			files = (
				30E2BD4A1A6EE823001A652C /* TipsTests.swift in Sources */,
			);
			runOnlyForDeploymentPostprocessing = 0;
		};
/* End PBXSourcesBuildPhase section */

/* Begin PBXTargetDependency section */
		30E2BD451A6EE823001A652C /* PBXTargetDependency */ = {
			isa = PBXTargetDependency;
			target = 30E2BD2D1A6EE823001A652C /* Tips */;
			targetProxy = 30E2BD441A6EE823001A652C /* PBXContainerItemProxy */;
		};
/* End PBXTargetDependency section */

/* Begin PBXVariantGroup section */
		30E2BD371A6EE823001A652C /* Main.storyboard */ = {
			isa = PBXVariantGroup;
			children = (
				30E2BD381A6EE823001A652C /* Base */,
			);
			name = Main.storyboard;
			sourceTree = "<group>";
		};
		30E2BD3C1A6EE823001A652C /* LaunchScreen.xib */ = {
			isa = PBXVariantGroup;
			children = (
				30E2BD3D1A6EE823001A652C /* Base */,
			);
			name = LaunchScreen.xib;
			sourceTree = "<group>";
		};
/* End PBXVariantGroup section */

/* Begin XCBuildConfiguration section */
		30E2BD4B1A6EE823001A652C /* Debug */ = {
			isa = XCBuildConfiguration;
			buildSettings = {
				ALWAYS_SEARCH_USER_PATHS = NO;
				CLANG_CXX_LANGUAGE_STANDARD = "gnu++0x";
				CLANG_CXX_LIBRARY = "libc++";
				CLANG_ENABLE_MODULES = YES;
				CLANG_ENABLE_OBJC_ARC = YES;
				CLANG_WARN_BOOL_CONVERSION = YES;
				CLANG_WARN_CONSTANT_CONVERSION = YES;
				CLANG_WARN_DIRECT_OBJC_ISA_USAGE = YES_ERROR;
				CLANG_WARN_EMPTY_BODY = YES;
				CLANG_WARN_ENUM_CONVERSION = YES;
				CLANG_WARN_INT_CONVERSION = YES;
				CLANG_WARN_OBJC_ROOT_CLASS = YES_ERROR;
				CLANG_WARN_UNREACHABLE_CODE = YES;
				CLANG_WARN__DUPLICATE_METHOD_MATCH = YES;
				"CODE_SIGN_IDENTITY[sdk=iphoneos*]" = "iPhone Developer";
				COPY_PHASE_STRIP = NO;
				ENABLE_STRICT_OBJC_MSGSEND = YES;
				GCC_C_LANGUAGE_STANDARD = gnu99;
				GCC_DYNAMIC_NO_PIC = NO;
				GCC_OPTIMIZATION_LEVEL = 0;
				GCC_PREPROCESSOR_DEFINITIONS = (
					"DEBUG=1",
					"$(inherited)",
				);
				GCC_SYMBOLS_PRIVATE_EXTERN = NO;
				GCC_WARN_64_TO_32_BIT_CONVERSION = YES;
				GCC_WARN_ABOUT_RETURN_TYPE = YES_ERROR;
				GCC_WARN_UNDECLARED_SELECTOR = YES;
				GCC_WARN_UNINITIALIZED_AUTOS = YES_AGGRESSIVE;
				GCC_WARN_UNUSED_FUNCTION = YES;
				GCC_WARN_UNUSED_VARIABLE = YES;
				IPHONEOS_DEPLOYMENT_TARGET = 8.1;
				MTL_ENABLE_DEBUG_INFO = YES;
				ONLY_ACTIVE_ARCH = YES;
				SDKROOT = iphoneos;
				SWIFT_OPTIMIZATION_LEVEL = "-Onone";
			};
			name = Debug;
		};
		30E2BD4C1A6EE823001A652C /* Release */ = {
			isa = XCBuildConfiguration;
			buildSettings = {
				ALWAYS_SEARCH_USER_PATHS = NO;
				CLANG_CXX_LANGUAGE_STANDARD = "gnu++0x";
				CLANG_CXX_LIBRARY = "libc++";
				CLANG_ENABLE_MODULES = YES;
				CLANG_ENABLE_OBJC_ARC = YES;
				CLANG_WARN_BOOL_CONVERSION = YES;
				CLANG_WARN_CONSTANT_CONVERSION = YES;
				CLANG_WARN_DIRECT_OBJC_ISA_USAGE = YES_ERROR;
				CLANG_WARN_EMPTY_BODY = YES;
				CLANG_WARN_ENUM_CONVERSION = YES;
				CLANG_WARN_INT_CONVERSION = YES;
				CLANG_WARN_OBJC_ROOT_CLASS = YES_ERROR;
				CLANG_WARN_UNREACHABLE_CODE = YES;
				CLANG_WARN__DUPLICATE_METHOD_MATCH = YES;
				"CODE_SIGN_IDENTITY[sdk=iphoneos*]" = "iPhone Developer";
				COPY_PHASE_STRIP = YES;
				ENABLE_NS_ASSERTIONS = NO;
				ENABLE_STRICT_OBJC_MSGSEND = YES;
				GCC_C_LANGUAGE_STANDARD = gnu99;
				GCC_WARN_64_TO_32_BIT_CONVERSION = YES;
				GCC_WARN_ABOUT_RETURN_TYPE = YES_ERROR;
				GCC_WARN_UNDECLARED_SELECTOR = YES;
				GCC_WARN_UNINITIALIZED_AUTOS = YES_AGGRESSIVE;
				GCC_WARN_UNUSED_FUNCTION = YES;
				GCC_WARN_UNUSED_VARIABLE = YES;
				IPHONEOS_DEPLOYMENT_TARGET = 8.1;
				MTL_ENABLE_DEBUG_INFO = NO;
				SDKROOT = iphoneos;
				VALIDATE_PRODUCT = YES;
			};
			name = Release;
		};
		30E2BD4E1A6EE823001A652C /* Debug */ = {
			isa = XCBuildConfiguration;
			buildSettings = {
				ASSETCATALOG_COMPILER_APPICON_NAME = AppIcon;
				INFOPLIST_FILE = Tips/Info.plist;
				IPHONEOS_DEPLOYMENT_TARGET = 7.0;
				LD_RUNPATH_SEARCH_PATHS = "$(inherited) @executable_path/Frameworks";
				PRODUCT_NAME = "$(TARGET_NAME)";
				TARGETED_DEVICE_FAMILY = 1;
			};
			name = Debug;
		};
		30E2BD4F1A6EE823001A652C /* Release */ = {
			isa = XCBuildConfiguration;
			buildSettings = {
				ASSETCATALOG_COMPILER_APPICON_NAME = AppIcon;
				INFOPLIST_FILE = Tips/Info.plist;
				IPHONEOS_DEPLOYMENT_TARGET = 7.0;
				LD_RUNPATH_SEARCH_PATHS = "$(inherited) @executable_path/Frameworks";
				PRODUCT_NAME = "$(TARGET_NAME)";
				TARGETED_DEVICE_FAMILY = 1;
			};
			name = Release;
		};
		30E2BD511A6EE823001A652C /* Debug */ = {
			isa = XCBuildConfiguration;
			buildSettings = {
				BUNDLE_LOADER = "$(TEST_HOST)";
				FRAMEWORK_SEARCH_PATHS = (
					"$(SDKROOT)/Developer/Library/Frameworks",
					"$(inherited)",
				);
				GCC_PREPROCESSOR_DEFINITIONS = (
					"DEBUG=1",
					"$(inherited)",
				);
				INFOPLIST_FILE = TipsTests/Info.plist;
				LD_RUNPATH_SEARCH_PATHS = "$(inherited) @executable_path/Frameworks @loader_path/Frameworks";
				PRODUCT_NAME = "$(TARGET_NAME)";
				TEST_HOST = "$(BUILT_PRODUCTS_DIR)/Tips.app/Tips";
			};
			name = Debug;
		};
		30E2BD521A6EE823001A652C /* Release */ = {
			isa = XCBuildConfiguration;
			buildSettings = {
				BUNDLE_LOADER = "$(TEST_HOST)";
				FRAMEWORK_SEARCH_PATHS = (
					"$(SDKROOT)/Developer/Library/Frameworks",
					"$(inherited)",
				);
				INFOPLIST_FILE = TipsTests/Info.plist;
				LD_RUNPATH_SEARCH_PATHS = "$(inherited) @executable_path/Frameworks @loader_path/Frameworks";
				PRODUCT_NAME = "$(TARGET_NAME)";
				TEST_HOST = "$(BUILT_PRODUCTS_DIR)/Tips.app/Tips";
			};
			name = Release;
		};
/* End XCBuildConfiguration section */

/* Begin XCConfigurationList section */
		30E2BD291A6EE823001A652C /* Build configuration list for PBXProject "Tips" */ = {
			isa = XCConfigurationList;
			buildConfigurations = (
				30E2BD4B1A6EE823001A652C /* Debug */,
				30E2BD4C1A6EE823001A652C /* Release */,
			);
			defaultConfigurationIsVisible = 0;
			defaultConfigurationName = Release;
		};
		30E2BD4D1A6EE823001A652C /* Build configuration list for PBXNativeTarget "Tips" */ = {
			isa = XCConfigurationList;
			buildConfigurations = (
				30E2BD4E1A6EE823001A652C /* Debug */,
				30E2BD4F1A6EE823001A652C /* Release */,
			);
			defaultConfigurationIsVisible = 0;
		};
		30E2BD501A6EE823001A652C /* Build configuration list for PBXNativeTarget "TipsTests" */ = {
			isa = XCConfigurationList;
			buildConfigurations = (
				30E2BD511A6EE823001A652C /* Debug */,
				30E2BD521A6EE823001A652C /* Release */,
			);
			defaultConfigurationIsVisible = 0;
		};
/* End XCConfigurationList section */
	};
	rootObject = 30E2BD261A6EE823001A652C /* Project object */;
}
